{
    "_readme": [
        "This file locks the dependencies of your project to a known state",
        "Read more about it at https://getcomposer.org/doc/01-basic-usage.md#composer-lock-the-lock-file",
        "This file is @generated automatically"
    ],
    "hash": "6b8683c76ddb4406f729f55e4f67a71f",
    "packages": [
        {
            "name": "asimlqt/php-google-spreadsheet-client",
            "version": "2.3.5",
            "source": {
                "type": "git",
                "url": "https://github.com/asimlqt/php-google-spreadsheet-client.git",
                "reference": "9cb74ee0670e3928d6b40dd53164c3f09c65e309"
            },
            "dist": {
                "type": "zip",
                "url": "https://api.github.com/repos/asimlqt/php-google-spreadsheet-client/zipball/9cb74ee0670e3928d6b40dd53164c3f09c65e309",
                "reference": "9cb74ee0670e3928d6b40dd53164c3f09c65e309",
                "shasum": ""
            },
            "require": {
                "php": ">=5.3.0"
            },
            "require-dev": {
                "phpunit/phpunit": "4.4.2"
            },
            "type": "library",
            "autoload": {
                "psr-4": {
                    "Google\\": "src/Google"
                }
            },
            "notification-url": "https://packagist.org/downloads/",
            "license": [
                "Apache-2.0"
            ],
            "authors": [
                {
                    "name": "Asim Liaquat",
                    "email": "asimlqt22@gmail.com",
                    "role": "Developer"
                },
                {
                    "name": "Martin Czygan",
                    "email": "martin.czygan@gmail.com",
                    "homepage": "http://twitter.com/cvvfj",
                    "role": "Packager"
                }
            ],
            "description": "Google Spreadsheet PHP Client",
            "homepage": "https://github.com/asimlqt/php-google-spreadsheet-client",
            "keywords": [
                "google",
                "spreadsheet"
            ],
            "time": "2015-06-21 10:59:02"
        },
        {
            "name": "google/apiclient",
            "version": "1.1.2",
            "source": {
                "type": "git",
                "url": "https://github.com/google/google-api-php-client.git",
                "reference": "9c35bbbbaf04a5236d763560dab1e2f6e672a724"
            },
            "dist": {
                "type": "zip",
                "url": "https://api.github.com/repos/google/google-api-php-client/zipball/9c35bbbbaf04a5236d763560dab1e2f6e672a724",
                "reference": "9c35bbbbaf04a5236d763560dab1e2f6e672a724",
                "shasum": ""
            },
            "require": {
                "php": ">=5.2.1"
            },
            "require-dev": {
                "phpunit/phpunit": "3.7.*"
            },
            "type": "library",
            "extra": {
                "branch-alias": {
                    "dev-master": "1.1.x-dev"
                }
            },
            "autoload": {
                "classmap": [
                    "src/"
                ]
            },
            "notification-url": "https://packagist.org/downloads/",
            "license": [
                "Apache-2.0"
            ],
            "description": "Client library for Google APIs",
            "homepage": "http://developers.google.com/api-client-library/php",
            "keywords": [
                "google"
            ],
            "time": "2014-11-25 14:35:03"
        }
    ],
    "packages-dev": [],
    "aliases": [],
    "minimum-stability": "stable",
    "stability-flags": [],
    "prefer-stable": false,
    "prefer-lowest": false,
    "platform": [],
    "platform-dev": []
}
